
Microsoft Visual Studio Solution File, Format Version 12.00
# Visual Studio Version 16
VisualStudioVersion = 16.0.34301.259
MinimumVisualStudioVersion = 10.0.40219.1
Project("{2150E333-8FDC-42A3-9474-1A3956D46DE8}") = "Task0", "Task0", "{C3856F88-79C6-4BB5-AEED-52377412371B}"
EndProject
Project("{FAE04EC0-301F-11D3-BF4B-00C04F79EFBC}") = "Tyuiu.KasenovAE.Sprint6.Task0.V6", "Tyuiu.KasenovAE.Sprint6.Task0.V6\Tyuiu.KasenovAE.Sprint6.Task0.V6.csproj", "{A9592B37-4E6C-4776-847E-48E2F3C64570}"
EndProject
Project("{FAE04EC0-301F-11D3-BF4B-00C04F79EFBC}") = "Tyuiu.KasenovAE.Sprint6.Task0.V6.Lib", "Tyuiu.KasenovAE.Sprint6.Task0.V6.Lib\Tyuiu.KasenovAE.Sprint6.Task0.V6.Lib.csproj", "{908E3E68-B870-4285-BBA5-310C08A3A708}"
EndProject
Project("{FAE04EC0-301F-11D3-BF4B-00C04F79EFBC}") = "Tyuiu.KasenovAE.Sprint6.Task0.V6.Test", "Tyuiu.KasenovAE.Sprint6.Task0.V6.Test\Tyuiu.KasenovAE.Sprint6.Task0.V6.Test.csproj", "{4BBB1109-579A-4658-B30C-ADFDA23ABC7E}"
EndProject
Project("{2150E333-8FDC-42A3-9474-1A3956D46DE8}") = "Task1", "Task1", "{A8429C7E-5ECC-49AC-A24A-8B532D4197CE}"
EndProject
Project("{FAE04EC0-301F-11D3-BF4B-00C04F79EFBC}") = "Tyuiu.KasenovAE.Sprint6.Task1.V20.Lib", "Tyuiu.KasenovAE.Sprint6.Task1.V20.Lib\Tyuiu.KasenovAE.Sprint6.Task1.V20.Lib.csproj", "{6503782D-3B58-4BB1-B643-02B241CAB0AB}"
EndProject
Project("{FAE04EC0-301F-11D3-BF4B-00C04F79EFBC}") = "Tyuiu.KasenovAE.Sprint6.Task1.V20", "Tyuiu.KasenovAE.Sprint6.Task1.V20\Tyuiu.KasenovAE.Sprint6.Task1.V20.csproj", "{4F2FB978-BFD5-4322-9F42-CC91A282F42F}"
EndProject
Project("{FAE04EC0-301F-11D3-BF4B-00C04F79EFBC}") = "Tyuiu.KasenovAE.Sprint6.Task1.V20.Test", "Tyuiu.KasenovAE.Sprint6.Task1.V20.Test\Tyuiu.KasenovAE.Sprint6.Task1.V20.Test.csproj", "{5A7FA587-7FC4-43A1-B996-56DE7734ECE1}"
EndProject
Project("{2150E333-8FDC-42A3-9474-1A3956D46DE8}") = "Task4", "Task4", "{D0C025BE-0E1C-46CA-9507-5D4DDC5C36FD}"
EndProject
Project("{FAE04EC0-301F-11D3-BF4B-00C04F79EFBC}") = "Tyuiu.KasenovAE.Sprint6.Task4.V11.Test", "Tyuiu.KasenovAE.Sprint6.Task4.V11.Test\Tyuiu.KasenovAE.Sprint6.Task4.V11.Test.csproj", "{763C0C5F-A070-4DBA-BAF4-65F4B8DBC803}"
EndProject
Project("{FAE04EC0-301F-11D3-BF4B-00C04F79EFBC}") = "Tyuiu.KasenovAE.Sprint6.Task4.V11.Lib", "Tyuiu.KasenovAE.Sprint6.Task4.V11.Lib\Tyuiu.KasenovAE.Sprint6.Task4.V11.Lib.csproj", "{6BBFAE7C-D288-4B90-9F62-E7C8A173C1CF}"
EndProject
Project("{FAE04EC0-301F-11D3-BF4B-00C04F79EFBC}") = "Tyuiu.KasenovAE.Sprint6.Task4.V11", "Tyuiu.KasenovAE.Sprint6.Task4.V11\Tyuiu.KasenovAE.Sprint6.Task4.V11.csproj", "{F746F811-0F31-4909-8BC2-4B9D4C255B92}"
EndProject
Project("{2150E333-8FDC-42A3-9474-1A3956D46DE8}") = "Task5", "Task5", "{4F0A9265-01D0-40BD-809A-AAE596DEB7C1}"
EndProject
Project("{FAE04EC0-301F-11D3-BF4B-00C04F79EFBC}") = "Tyuiu.KasenovAE.Sprint6.Task5.V4", "Tyuiu.KasenovAE.Sprint6.Task5.V4\Tyuiu.KasenovAE.Sprint6.Task5.V4.csproj", "{C7C4E928-BBA5-4A0C-8BCF-9B3F1CF41AB7}"
EndProject
Project("{FAE04EC0-301F-11D3-BF4B-00C04F79EFBC}") = "Tyuiu.KasenovAE.Sprint6.Task5.V4.Lib", "Tyuiu.KasenovAE.Sprint6.Task5.V4.Lib\Tyuiu.KasenovAE.Sprint6.Task5.V4.Lib.csproj", "{ED4B4F13-E915-43AB-B6C0-7CC1754D153D}"
EndProject
Project("{FAE04EC0-301F-11D3-BF4B-00C04F79EFBC}") = "Tyuiu.KasenovAE.Sprint6.Task5.V4.Test", "Tyuiu.KasenovAE.Sprint6.Task5.V4.Test\Tyuiu.KasenovAE.Sprint6.Task5.V4.Test.csproj", "{9585CC94-49A1-4161-9894-7232E1EA2A82}"
EndProject
Project("{2150E333-8FDC-42A3-9474-1A3956D46DE8}") = "Task6", "Task6", "{E3BD1259-B0C5-403D-9F68-67AF5C9881A9}"
EndProject
Project("{FAE04EC0-301F-11D3-BF4B-00C04F79EFBC}") = "Tyuiu.KasenovAE.Sprint6.Task6.V27.Test", "Tyuiu.KasenovAE.Sprint6.Task6.V27.Test\Tyuiu.KasenovAE.Sprint6.Task6.V27.Test.csproj", "{DFE6263C-352F-487C-BA7A-88607A806FFB}"
EndProject
Project("{FAE04EC0-301F-11D3-BF4B-00C04F79EFBC}") = "Tyuiu.KasenovAE.Sprint6.Task6.V27.Lib", "Tyuiu.KasenovAE.Sprint6.Task6.V27.Lib\Tyuiu.KasenovAE.Sprint6.Task6.V27.Lib.csproj", "{93ED9862-20C5-4A56-BE41-FE8DFA09CC2C}"
EndProject
Project("{FAE04EC0-301F-11D3-BF4B-00C04F79EFBC}") = "Tyuiu.KasenovAE.Sprint6.Task6.V27", "Tyuiu.KasenovAE.Sprint6.Task6.V27\Tyuiu.KasenovAE.Sprint6.Task6.V27.csproj", "{8A179740-290C-45E5-B344-49383CAE0479}"
EndProject
Project("{2150E333-8FDC-42A3-9474-1A3956D46DE8}") = "Task7", "Task7", "{5883B988-641A-4364-8792-20D16DD07E80}"
EndProject
Project("{FAE04EC0-301F-11D3-BF4B-00C04F79EFBC}") = "Tyuiu.KasenovAE.Sprint6.Task7.V12.Test", "Tyuiu.KasenovAE.Sprint6.Task7.V12.Test\Tyuiu.KasenovAE.Sprint6.Task7.V12.Test.csproj", "{5783642E-976B-462D-A79A-C31C1C223A10}"
EndProject
Project("{FAE04EC0-301F-11D3-BF4B-00C04F79EFBC}") = "Tyuiu.KasenovAE.Sprint6.Task7.V12.Lib", "Tyuiu.KasenovAE.Sprint6.Task7.V12.Lib\Tyuiu.KasenovAE.Sprint6.Task7.V12.Lib.csproj", "{ADF7E47A-3AFF-47F8-B9FF-43B6EE7312A2}"
EndProject
Project("{FAE04EC0-301F-11D3-BF4B-00C04F79EFBC}") = "Tyuiu.KasenovAE.Sprint6.Task7.V12", "Tyuiu.KasenovAE.Sprint6.Task7.V12\Tyuiu.KasenovAE.Sprint6.Task7.V12.csproj", "{6F1DBB80-5AAF-470E-8CA5-26B385C2D651}"
EndProject
Project("{2150E333-8FDC-42A3-9474-1A3956D46DE8}") = "Task2", "Task2", "{60D7D921-46A5-46A7-A6DB-A378D3BD652A}"
EndProject
Project("{FAE04EC0-301F-11D3-BF4B-00C04F79EFBC}") = "Tyuiu.KasenovAE.Sprint6.Task2.V30", "Tyuiu.KasenovAE.Sprint6.Task2.V30\Tyuiu.KasenovAE.Sprint6.Task2.V30.csproj", "{D70163EF-8C0F-43FE-BF7C-9CDD30FCBFD8}"
EndProject
Project("{FAE04EC0-301F-11D3-BF4B-00C04F79EFBC}") = "Tyuiu.KasenovAE.Sprint6.Task2.V30.Lib", "Tyuiu.KasenovAE.Sprint6.Task2.V30.Lib\Tyuiu.KasenovAE.Sprint6.Task2.V30.Lib.csproj", "{D19E8617-40E0-4FBB-A903-25780695CED9}"
EndProject
Project("{FAE04EC0-301F-11D3-BF4B-00C04F79EFBC}") = "Tyuiu.KasenovAE.Sprint6.Task2.V30.Test", "Tyuiu.KasenovAE.Sprint6.Task2.V30.Test\Tyuiu.KasenovAE.Sprint6.Task2.V30.Test.csproj", "{BA068634-2642-421B-AB87-B879792E9073}"
EndProject
Global
	GlobalSection(SolutionConfigurationPlatforms) = preSolution
		Debug|Any CPU = Debug|Any CPU
		Release|Any CPU = Release|Any CPU
	EndGlobalSection
	GlobalSection(ProjectConfigurationPlatforms) = postSolution
		{A9592B37-4E6C-4776-847E-48E2F3C64570}.Debug|Any CPU.ActiveCfg = Debug|Any CPU
		{A9592B37-4E6C-4776-847E-48E2F3C64570}.Debug|Any CPU.Build.0 = Debug|Any CPU
		{A9592B37-4E6C-4776-847E-48E2F3C64570}.Release|Any CPU.ActiveCfg = Release|Any CPU
		{A9592B37-4E6C-4776-847E-48E2F3C64570}.Release|Any CPU.Build.0 = Release|Any CPU
		{908E3E68-B870-4285-BBA5-310C08A3A708}.Debug|Any CPU.ActiveCfg = Debug|Any CPU
		{908E3E68-B870-4285-BBA5-310C08A3A708}.Debug|Any CPU.Build.0 = Debug|Any CPU
		{908E3E68-B870-4285-BBA5-310C08A3A708}.Release|Any CPU.ActiveCfg = Release|Any CPU
		{908E3E68-B870-4285-BBA5-310C08A3A708}.Release|Any CPU.Build.0 = Release|Any CPU
		{4BBB1109-579A-4658-B30C-ADFDA23ABC7E}.Debug|Any CPU.ActiveCfg = Debug|Any CPU
		{4BBB1109-579A-4658-B30C-ADFDA23ABC7E}.Debug|Any CPU.Build.0 = Debug|Any CPU
		{4BBB1109-579A-4658-B30C-ADFDA23ABC7E}.Release|Any CPU.ActiveCfg = Release|Any CPU
		{4BBB1109-579A-4658-B30C-ADFDA23ABC7E}.Release|Any CPU.Build.0 = Release|Any CPU
		{6503782D-3B58-4BB1-B643-02B241CAB0AB}.Debug|Any CPU.ActiveCfg = Debug|Any CPU
		{6503782D-3B58-4BB1-B643-02B241CAB0AB}.Debug|Any CPU.Build.0 = Debug|Any CPU
		{6503782D-3B58-4BB1-B643-02B241CAB0AB}.Release|Any CPU.ActiveCfg = Release|Any CPU
		{6503782D-3B58-4BB1-B643-02B241CAB0AB}.Release|Any CPU.Build.0 = Release|Any CPU
		{4F2FB978-BFD5-4322-9F42-CC91A282F42F}.Debug|Any CPU.ActiveCfg = Debug|Any CPU
		{4F2FB978-BFD5-4322-9F42-CC91A282F42F}.Debug|Any CPU.Build.0 = Debug|Any CPU
		{4F2FB978-BFD5-4322-9F42-CC91A282F42F}.Release|Any CPU.ActiveCfg = Release|Any CPU
		{4F2FB978-BFD5-4322-9F42-CC91A282F42F}.Release|Any CPU.Build.0 = Release|Any CPU
		{5A7FA587-7FC4-43A1-B996-56DE7734ECE1}.Debug|Any CPU.ActiveCfg = Debug|Any CPU
		{5A7FA587-7FC4-43A1-B996-56DE7734ECE1}.Debug|Any CPU.Build.0 = Debug|Any CPU
		{5A7FA587-7FC4-43A1-B996-56DE7734ECE1}.Release|Any CPU.ActiveCfg = Release|Any CPU
		{5A7FA587-7FC4-43A1-B996-56DE7734ECE1}.Release|Any CPU.Build.0 = Release|Any CPU
		{763C0C5F-A070-4DBA-BAF4-65F4B8DBC803}.Debug|Any CPU.ActiveCfg = Debug|Any CPU
		{763C0C5F-A070-4DBA-BAF4-65F4B8DBC803}.Debug|Any CPU.Build.0 = Debug|Any CPU
		{763C0C5F-A070-4DBA-BAF4-65F4B8DBC803}.Release|Any CPU.ActiveCfg = Release|Any CPU
		{763C0C5F-A070-4DBA-BAF4-65F4B8DBC803}.Release|Any CPU.Build.0 = Release|Any CPU
		{6BBFAE7C-D288-4B90-9F62-E7C8A173C1CF}.Debug|Any CPU.ActiveCfg = Debug|Any CPU
		{6BBFAE7C-D288-4B90-9F62-E7C8A173C1CF}.Debug|Any CPU.Build.0 = Debug|Any CPU
		{6BBFAE7C-D288-4B90-9F62-E7C8A173C1CF}.Release|Any CPU.ActiveCfg = Release|Any CPU
		{6BBFAE7C-D288-4B90-9F62-E7C8A173C1CF}.Release|Any CPU.Build.0 = Release|Any CPU
		{F746F811-0F31-4909-8BC2-4B9D4C255B92}.Debug|Any CPU.ActiveCfg = Debug|Any CPU
		{F746F811-0F31-4909-8BC2-4B9D4C255B92}.Debug|Any CPU.Build.0 = Debug|Any CPU
		{F746F811-0F31-4909-8BC2-4B9D4C255B92}.Release|Any CPU.ActiveCfg = Release|Any CPU
		{F746F811-0F31-4909-8BC2-4B9D4C255B92}.Release|Any CPU.Build.0 = Release|Any CPU
		{C7C4E928-BBA5-4A0C-8BCF-9B3F1CF41AB7}.Debug|Any CPU.ActiveCfg = Debug|Any CPU
		{C7C4E928-BBA5-4A0C-8BCF-9B3F1CF41AB7}.Debug|Any CPU.Build.0 = Debug|Any CPU
		{C7C4E928-BBA5-4A0C-8BCF-9B3F1CF41AB7}.Release|Any CPU.ActiveCfg = Release|Any CPU
		{C7C4E928-BBA5-4A0C-8BCF-9B3F1CF41AB7}.Release|Any CPU.Build.0 = Release|Any CPU
		{ED4B4F13-E915-43AB-B6C0-7CC1754D153D}.Debug|Any CPU.ActiveCfg = Debug|Any CPU
		{ED4B4F13-E915-43AB-B6C0-7CC1754D153D}.Debug|Any CPU.Build.0 = Debug|Any CPU
		{ED4B4F13-E915-43AB-B6C0-7CC1754D153D}.Release|Any CPU.ActiveCfg = Release|Any CPU
		{ED4B4F13-E915-43AB-B6C0-7CC1754D153D}.Release|Any CPU.Build.0 = Release|Any CPU
		{9585CC94-49A1-4161-9894-7232E1EA2A82}.Debug|Any CPU.ActiveCfg = Debug|Any CPU
		{9585CC94-49A1-4161-9894-7232E1EA2A82}.Debug|Any CPU.Build.0 = Debug|Any CPU
		{9585CC94-49A1-4161-9894-7232E1EA2A82}.Release|Any CPU.ActiveCfg = Release|Any CPU
		{9585CC94-49A1-4161-9894-7232E1EA2A82}.Release|Any CPU.Build.0 = Release|Any CPU
		{DFE6263C-352F-487C-BA7A-88607A806FFB}.Debug|Any CPU.ActiveCfg = Debug|Any CPU
		{DFE6263C-352F-487C-BA7A-88607A806FFB}.Debug|Any CPU.Build.0 = Debug|Any CPU
		{DFE6263C-352F-487C-BA7A-88607A806FFB}.Release|Any CPU.ActiveCfg = Release|Any CPU
		{DFE6263C-352F-487C-BA7A-88607A806FFB}.Release|Any CPU.Build.0 = Release|Any CPU
		{93ED9862-20C5-4A56-BE41-FE8DFA09CC2C}.Debug|Any CPU.ActiveCfg = Debug|Any CPU
		{93ED9862-20C5-4A56-BE41-FE8DFA09CC2C}.Debug|Any CPU.Build.0 = Debug|Any CPU
		{93ED9862-20C5-4A56-BE41-FE8DFA09CC2C}.Release|Any CPU.ActiveCfg = Release|Any CPU
		{93ED9862-20C5-4A56-BE41-FE8DFA09CC2C}.Release|Any CPU.Build.0 = Release|Any CPU
		{8A179740-290C-45E5-B344-49383CAE0479}.Debug|Any CPU.ActiveCfg = Debug|Any CPU
		{8A179740-290C-45E5-B344-49383CAE0479}.Debug|Any CPU.Build.0 = Debug|Any CPU
		{8A179740-290C-45E5-B344-49383CAE0479}.Release|Any CPU.ActiveCfg = Release|Any CPU
		{8A179740-290C-45E5-B344-49383CAE0479}.Release|Any CPU.Build.0 = Release|Any CPU
		{5783642E-976B-462D-A79A-C31C1C223A10}.Debug|Any CPU.ActiveCfg = Debug|Any CPU
		{5783642E-976B-462D-A79A-C31C1C223A10}.Debug|Any CPU.Build.0 = Debug|Any CPU
		{5783642E-976B-462D-A79A-C31C1C223A10}.Release|Any CPU.ActiveCfg = Release|Any CPU
		{5783642E-976B-462D-A79A-C31C1C223A10}.Release|Any CPU.Build.0 = Release|Any CPU
		{ADF7E47A-3AFF-47F8-B9FF-43B6EE7312A2}.Debug|Any CPU.ActiveCfg = Debug|Any CPU
		{ADF7E47A-3AFF-47F8-B9FF-43B6EE7312A2}.Debug|Any CPU.Build.0 = Debug|Any CPU
		{ADF7E47A-3AFF-47F8-B9FF-43B6EE7312A2}.Release|Any CPU.ActiveCfg = Release|Any CPU
		{ADF7E47A-3AFF-47F8-B9FF-43B6EE7312A2}.Release|Any CPU.Build.0 = Release|Any CPU
		{6F1DBB80-5AAF-470E-8CA5-26B385C2D651}.Debug|Any CPU.ActiveCfg = Debug|Any CPU
		{6F1DBB80-5AAF-470E-8CA5-26B385C2D651}.Debug|Any CPU.Build.0 = Debug|Any CPU
		{6F1DBB80-5AAF-470E-8CA5-26B385C2D651}.Release|Any CPU.ActiveCfg = Release|Any CPU
		{6F1DBB80-5AAF-470E-8CA5-26B385C2D651}.Release|Any CPU.Build.0 = Release|Any CPU
		{D70163EF-8C0F-43FE-BF7C-9CDD30FCBFD8}.Debug|Any CPU.ActiveCfg = Debug|Any CPU
		{D70163EF-8C0F-43FE-BF7C-9CDD30FCBFD8}.Debug|Any CPU.Build.0 = Debug|Any CPU
		{D70163EF-8C0F-43FE-BF7C-9CDD30FCBFD8}.Release|Any CPU.ActiveCfg = Release|Any CPU
		{D70163EF-8C0F-43FE-BF7C-9CDD30FCBFD8}.Release|Any CPU.Build.0 = Release|Any CPU
		{D19E8617-40E0-4FBB-A903-25780695CED9}.Debug|Any CPU.ActiveCfg = Debug|Any CPU
		{D19E8617-40E0-4FBB-A903-25780695CED9}.Debug|Any CPU.Build.0 = Debug|Any CPU
		{D19E8617-40E0-4FBB-A903-25780695CED9}.Release|Any CPU.ActiveCfg = Release|Any CPU
		{D19E8617-40E0-4FBB-A903-25780695CED9}.Release|Any CPU.Build.0 = Release|Any CPU
		{BA068634-2642-421B-AB87-B879792E9073}.Debug|Any CPU.ActiveCfg = Debug|Any CPU
		{BA068634-2642-421B-AB87-B879792E9073}.Debug|Any CPU.Build.0 = Debug|Any CPU
		{BA068634-2642-421B-AB87-B879792E9073}.Release|Any CPU.ActiveCfg = Release|Any CPU
		{BA068634-2642-421B-AB87-B879792E9073}.Release|Any CPU.Build.0 = Release|Any CPU
	EndGlobalSection
	GlobalSection(SolutionProperties) = preSolution
		HideSolutionNode = FALSE
	EndGlobalSection
	GlobalSection(NestedProjects) = preSolution
		{A9592B37-4E6C-4776-847E-48E2F3C64570} = {C3856F88-79C6-4BB5-AEED-52377412371B}
		{908E3E68-B870-4285-BBA5-310C08A3A708} = {C3856F88-79C6-4BB5-AEED-52377412371B}
		{4BBB1109-579A-4658-B30C-ADFDA23ABC7E} = {C3856F88-79C6-4BB5-AEED-52377412371B}
		{6503782D-3B58-4BB1-B643-02B241CAB0AB} = {A8429C7E-5ECC-49AC-A24A-8B532D4197CE}
		{4F2FB978-BFD5-4322-9F42-CC91A282F42F} = {A8429C7E-5ECC-49AC-A24A-8B532D4197CE}
		{5A7FA587-7FC4-43A1-B996-56DE7734ECE1} = {A8429C7E-5ECC-49AC-A24A-8B532D4197CE}
		{763C0C5F-A070-4DBA-BAF4-65F4B8DBC803} = {D0C025BE-0E1C-46CA-9507-5D4DDC5C36FD}
		{6BBFAE7C-D288-4B90-9F62-E7C8A173C1CF} = {D0C025BE-0E1C-46CA-9507-5D4DDC5C36FD}
		{F746F811-0F31-4909-8BC2-4B9D4C255B92} = {D0C025BE-0E1C-46CA-9507-5D4DDC5C36FD}
		{C7C4E928-BBA5-4A0C-8BCF-9B3F1CF41AB7} = {4F0A9265-01D0-40BD-809A-AAE596DEB7C1}
		{ED4B4F13-E915-43AB-B6C0-7CC1754D153D} = {4F0A9265-01D0-40BD-809A-AAE596DEB7C1}
		{9585CC94-49A1-4161-9894-7232E1EA2A82} = {4F0A9265-01D0-40BD-809A-AAE596DEB7C1}
		{DFE6263C-352F-487C-BA7A-88607A806FFB} = {E3BD1259-B0C5-403D-9F68-67AF5C9881A9}
		{93ED9862-20C5-4A56-BE41-FE8DFA09CC2C} = {E3BD1259-B0C5-403D-9F68-67AF5C9881A9}
		{8A179740-290C-45E5-B344-49383CAE0479} = {E3BD1259-B0C5-403D-9F68-67AF5C9881A9}
		{5783642E-976B-462D-A79A-C31C1C223A10} = {5883B988-641A-4364-8792-20D16DD07E80}
		{ADF7E47A-3AFF-47F8-B9FF-43B6EE7312A2} = {5883B988-641A-4364-8792-20D16DD07E80}
		{6F1DBB80-5AAF-470E-8CA5-26B385C2D651} = {5883B988-641A-4364-8792-20D16DD07E80}
		{D70163EF-8C0F-43FE-BF7C-9CDD30FCBFD8} = {60D7D921-46A5-46A7-A6DB-A378D3BD652A}
		{D19E8617-40E0-4FBB-A903-25780695CED9} = {60D7D921-46A5-46A7-A6DB-A378D3BD652A}
		{BA068634-2642-421B-AB87-B879792E9073} = {60D7D921-46A5-46A7-A6DB-A378D3BD652A}
	EndGlobalSection
	GlobalSection(ExtensibilityGlobals) = postSolution
		SolutionGuid = {D447EBEB-057F-4E17-B726-1235D5A28714}
	EndGlobalSection
EndGlobal
